{
  "name": "language-detector",
  "version": "1.0.0",
  "lockfileVersion": 3,
  "requires": true,
  "packages": {
    "": {
      "name": "language-detector",
      "version": "1.0.0",
      "license": "ISC",
      "dependencies": {
        "color": "^4.2.3",
        "franc": "^5.0.0",
        "langs": "^2.0.0"
      }
    },
    "node_modules/collapse-white-space": {
      "version": "1.0.6",
      "resolved": "https://registry.npmjs.org/collapse-white-space/-/collapse-white-space-1.0.6.tgz",
      "integrity": "sha512-jEovNnrhMuqyCcjfEJA56v0Xq8SkIoPKDyaHahwo3POf4qcSXqMYuwNcOTzp74vTsR9Tn08z4MxWqAhcekogkQ==",
      "funding": {
        "type": "github",
        "url": "https://github.com/sponsors/wooorm"
      }
    },
    "node_modules/color": {
      "version": "4.2.3",
      "resolved": "https://registry.npmjs.org/color/-/color-4.2.3.tgz",
      "integrity": "sha512-1rXeuUUiGGrykh+CeBdu5Ie7OJwinCgQY0bc7GCRxy5xVHy+moaqkpL/jqQq0MtQOeYcrqEz4abc5f0KtU7W4A==",
      "dependencies": {
        "color-convert": "^2.0.1",
        "color-string": "^1.9.0"
      },
      "engines": {
        "node": ">=12.5.0"
      }
    },
    "node_modules/color-convert": {
      "version": "2.0.1",
      "resolved": "https://registry.npmjs.org/color-convert/-/color-convert-2.0.1.tgz",
      "integrity": "sha512-RRECPsj7iu/xb5oKYcsFHSppFNnsj/52OVTRKb4zP5onXwVF3zVmmToNcOfGC+CRDpfK/U584fMg38ZHCaElKQ==",
      "dependencies": {
        "color-name": "~1.1.4"
      },
      "engines": {
        "node": ">=7.0.0"
      }
    },
    "node_modules/color-name": {
      "version": "1.1.4",
      "resolved": "https://registry.npmjs.org/color-name/-/color-name-1.1.4.tgz",
      "integrity": "sha512-dOy+3AuW3a2wNbZHIuMZpTcgjGuLU/uBL/ubcZF9OXbDo8ff4O8yVp5Bf0efS8uEoYo5q4Fx7dY9OgQGXgAsQA=="
    },
    "node_modules/color-string": {
      "version": "1.9.1",
      "resolved": "https://registry.npmjs.org/color-string/-/color-string-1.9.1.tgz",
      "integrity": "sha512-shrVawQFojnZv6xM40anx4CkoDP+fZsw/ZerEMsW/pyzsRbElpsL/DBVW7q3ExxwusdNXI3lXpuhEZkzs8p5Eg==",
      "dependencies": {
        "color-name": "^1.0.0",
        "simple-swizzle": "^0.2.2"
      }
    },
    "node_modules/franc": {
      "version": "5.0.0",
      "resolved": "https://registry.npmjs.org/franc/-/franc-5.0.0.tgz",
      "integrity": "sha512-ioKMLQlZv0T4qQ/AivMt8y8i4M3RWvVeOAm8y8SAjfcN+shtHVqR7NKAQAfQcrxWIbmfne4pRTcgNBcM0bj60A==",
      "dependencies": {
        "trigram-utils": "^1.0.0"
      },
      "funding": {
        "type": "github",
        "url": "https://github.com/sponsors/wooorm"
      }
    },
    "node_modules/is-arrayish": {
      "version": "0.3.2",
      "resolved": "https://registry.npmjs.org/is-arrayish/-/is-arrayish-0.3.2.tgz",
      "integrity": "sha512-eVRqCvVlZbuw3GrM63ovNSNAeA1K16kaR/LRY/92w0zxQ5/1YzwblUX652i4Xs9RwAGjW9d9y6X88t8OaAJfWQ=="
    },
    "node_modules/langs": {
      "version": "2.0.0",
      "resolved": "https://registry.npmjs.org/langs/-/langs-2.0.0.tgz",
      "integrity": "sha512-v4pxOBEQVN1WBTfB1crhTtxzNLZU9HPWgadlwzWKISJtt6Ku/CnpBrwVy+jFv8StjxsPfwPFzO0CMwdZLJ0/BA=="
    },
    "node_modules/n-gram": {
      "version": "1.1.2",
      "resolved": "https://registry.npmjs.org/n-gram/-/n-gram-1.1.2.tgz",
      "integrity": "sha512-mBTpWKp0NHdujHmxrskPg2jc108mjyMmVxHN1rZGK/ogTLi9O0debDIXlQPqotNELdNmVGtL4jr7SCig+4OWvQ==",
      "funding": {
        "type": "github",
        "url": "https://github.com/sponsors/wooorm"
      }
    },
    "node_modules/simple-swizzle": {
      "version": "0.2.2",
      "resolved": "https://registry.npmjs.org/simple-swizzle/-/simple-swizzle-0.2.2.tgz",
      "integrity": "sha512-JA//kQgZtbuY83m+xT+tXJkmJncGMTFT+C+g2h2R9uxkYIrE2yy9sgmcLhCnw57/WSD+Eh3J97FPEDFnbXnDUg==",
      "dependencies": {
        "is-arrayish": "^0.3.1"
      }
    },
    "node_modules/trigram-utils": {
      "version": "1.0.3",
      "resolved": "https://registry.npmjs.org/trigram-utils/-/trigram-utils-1.0.3.tgz",
      "integrity": "sha512-UAhS1Ll21FtClVIzIN0I/SmGnJ+D08BOxX7Dl1penV8raC0ksf2dJkhNI6kU1Mj3uT86Bul12iMvxXquXSYSng==",
      "dependencies": {
        "collapse-white-space": "^1.0.0",
        "n-gram": "^1.0.0",
        "trim": "0.0.1"
      },
      "funding": {
        "type": "github",
        "url": "https://github.com/sponsors/wooorm"
      }
    },
    "node_modules/trim": {
      "version": "0.0.1",
      "resolved": "https://registry.npmjs.org/trim/-/trim-0.0.1.tgz",
      "integrity": "sha512-YzQV+TZg4AxpKxaTHK3c3D+kRDCGVEE7LemdlQZoQXn0iennk10RsIoY6ikzAqJTc9Xjl9C1/waHom/J86ziAQ==",
      "deprecated": "Use String.prototype.trim() instead"
    }
  }
}
